version = 1
revision = 3
requires-python = ">=3.14"

[[package]]
name = "absl-py"
version = "2.5.0"
source = { registry = "https://pypi.org/simple" }
sdist = { url = "https://files.pythonhosted.org/packages/d0/4f/d79676ab82f2e42fc3611618139f13a9c4c31d0cff4b486982047679a802/absl_py-2.5.0.tar.gz", hash = "sha256:0c996f25c0490700fadabe6351630f6111534fa0ae252cc6d2014ea3b141135f", size = 118119, upload-time = "2026-07-03T10:57:48.157Z" }
wheels = [
    { url = "https://files.pythonhosted.org/packages/58/0a/a10b45aab35b175aded078a462dc8d0c698f5b13946e7cb0869097b78bb6/absl_py-2.5.0-py3-none-any.whl", hash = "sha256:0f17b89f2a4eaaedc4f28c622998aa690564b3012a396a4ffad0821007fe03ba", size = 137410, upload-time = "2026-07-03T10:57:46.735Z" },
]

[[package]]
name = "attrs"
version = "26.1.0"
source = { registry = "https://pypi.org/simple" }
sdist = { url = "https://files.pythonhosted.org/packages/9a/8e/82a0fe20a541c03148528be8cac2408564a6c9a0cc7e9171802bc1d26985/attrs-26.1.0.tar.gz", hash = "sha256:d03ceb89cb322a8fd706d4fb91940737b6642aa36998fe130a9bc96c985eff32", size = 952055, upload-time = "2026-03-19T14:22:25.026Z" }
wheels = [
    { url = "https://files.pythonhosted.org/packages/64/b4/17d4b0b2a2dc85a6df63d1157e028ed19f90d4cd97c36717afef2bc2f395/attrs-26.1.0-py3-none-any.whl", hash = "sha256:c647aa4a12dfbad9333ca4e71fe62ddc36f4e63b2d260a37a8b83d2f043ac309", size = 67548, upload-time = "2026-03-19T14:22:23.645Z" },
]

[[package]]
name = "cloudpickle"
version = "3.1.2"
source = { registry = "https://pypi.org/simple" }
sdist = { url = "https://files.pythonhosted.org/packages/27/fb/576f067976d320f5f0114a8d9fa1215425441bb35627b1993e5afd8111e5/cloudpickle-3.1.2.tar.gz", hash = "sha256:7fda9eb655c9c230dab534f1983763de5835249750e85fbcef43aaa30a9a2414", size = 22330, upload-time = "2025-11-03T09:25:26.604Z" }
wheels = [
    { url = "https://files.pythonhosted.org/packages/88/39/799be3f2f0f38cc727ee3b4f1445fe6d5e4133064ec2e4115069418a5bb6/cloudpickle-3.1.2-py3-none-any.whl", hash = "sha256:9acb47f6afd73f60dc1df93bb801b472f05ff42fa6c84167d25cb206be1fbf4a", size = 22228, upload-time = "2025-11-03T09:25:25.534Z" },
]

[[package]]
name = "decorator"
version = "5.3.1"
source = { registry = "https://pypi.org/simple" }
sdist = { url = "https://files.pythonhosted.org/packages/60/8b/32f9823da46cde7df2087faa08cd98d01b908f8dcab982cdba9c84e85355/decorator-5.3.1.tar.gz", hash = "sha256:4cbcdd55a6efadb9dbea26b858f4fb3264567b52d69ca0d25b721b553f60ea82", size = 58084, upload-time = "2026-05-18T06:03:28.057Z" }
wheels = [
    { url = "https://files.pythonhosted.org/packages/05/7f/798705f5296a58ca505d600456748d1be48078eac8a7050d8a98bc9edb89/decorator-5.3.1-py3-none-any.whl", hash = "sha256:f47fe6fdbd2edd623ecfe36875d37aba411624e2670dd395dddae1358689bb3c", size = 10365, upload-time = "2026-05-18T06:03:26.517Z" },
]

[[package]]
name = "dm-tree"
version = "0.1.10"
source = { registry = "https://pypi.org/simple" }
dependencies = [
    { name = "absl-py" },
    { name = "attrs" },
    { name = "numpy" },
    { name = "wrapt" },
]
sdist = { url = "https://files.pythonhosted.org/packages/5a/66/a3ec619d22b6baffa5ab853e8dc6ec9d0c837127948af59bb15b988d7312/dm_tree-0.1.10.tar.gz", hash = "sha256:22f37b599e01cc3402a17f79c257a802aebd8d326de05b54657650845956208a", size = 35748, upload-time = "2026-03-31T17:35:39.03Z" }
wheels = [
    { url = "https://files.pythonhosted.org/packages/94/8d/135ddeea875fd1a2768e7aee6c224f92c9b7643ead1ec8b68bdbee52c60a/dm_tree-0.1.10-cp314-cp314-macosx_10_15_universal2.whl", hash = "sha256:f395390d6acfb5d39c564c8bbcaf35352a81eb2f0d34d449739039b2ef786e14", size = 316599, upload-time = "2026-03-31T17:35:29.339Z" },
    { url = "https://files.pythonhosted.org/packages/cb/50/1eda610e9ca8ac59950ae028080e7c5320d7abc5567d6723d0cb3623e838/dm_tree-0.1.10-cp314-cp314-manylinux_2_24_aarch64.manylinux_2_28_aarch64.whl", hash = "sha256:9c0f54547fbd4b82e88c71694b3836c90059b97102d3e36209f5d2fa66950964", size = 184263, upload-time = "2026-03-31T17:35:30.534Z" },
    { url = "https://files.pythonhosted.org/packages/c7/59/07461ceb563702ba3943725bdf0e04be4de0ed7ef093837cdd2d67141d2a/dm_tree-0.1.10-cp314-cp314-manylinux_2_24_x86_64.manylinux_2_28_x86_64.whl", hash = "sha256:cf6706ac425272c9b7e05f05a23a1ff3e670fb59a787f6089a638eea2d06f1d0", size = 186328, upload-time = "2026-03-31T17:35:31.894Z" },
    { url = "https://files.pythonhosted.org/packages/88/af/d9c84787fefe9f7c35f474a945217c38396f2ca5ab06432fb566e32a7d1a/dm_tree-0.1.10-cp314-cp314-win_amd64.whl", hash = "sha256:a132047e846e769ddacefe77c42ae79bf3d0e9fce2a6adb638a0ea4cbadb8cdb", size = 114799, upload-time = "2026-03-31T17:35:33.361Z" },
    { url = "https://files.pythonhosted.org/packages/fd/2c/2aaa63a510db520cd9e0c51e053a608486169bb9710f51f4ecf5699cebb4/dm_tree-0.1.10-cp314-cp314t-macosx_10_15_universal2.whl", hash = "sha256:23682221f63ad011dbd762ce5314740d7900b0426a2681614ea2472369b0c49c", size = 324205, upload-time = "2026-03-31T17:35:34.679Z" },
    { url = "https://files.pythonhosted.org/packages/b0/89/a5a302bcf9c345e6bd0498627ee2aa12f0a1c3538d08a2f5884d3c6783ba/dm_tree-0.1.10-cp314-cp314t-manylinux_2_24_aarch64.manylinux_2_28_aarch64.whl", hash = "sha256:8baeb3db1e92587d686022fb67a52f6c584a7d32bd98444ed3aafb399ad9ce67", size = 185113, upload-time = "2026-03-31T17:35:36.179Z" },
    { url = "https://files.pythonhosted.org/packages/cc/e8/2d4fbc54bb68905588945cfb47c05445c66cab2d822b05827f1c62e23a70/dm_tree-0.1.10-cp314-cp314t-manylinux_2_24_x86_64.manylinux_2_28_x86_64.whl", hash = "sha256:2236c9a4cf64ed0b04004a94902f39341be652b70dce322b33f08ada9b146baa", size = 187009, upload-time = "2026-03-31T17:35:37.584Z" },
]

[[package]]
name = "gan"
version = "0.1.0"
source = { virtual = "." }
dependencies = [
    { name = "tensorflow-hub" },
    { name = "tensorflow-probability" },
]

[package.metadata]
requires-dist = [
    { name = "tensorflow-hub", specifier = ">=0.16.1" },
    { name = "tensorflow-probability", specifier = ">=0.25.0" },
]

[[package]]
name = "gast"
version = "0.7.0"
source = { registry = "https://pypi.org/simple" }
sdist = { url = "https://files.pythonhosted.org/packages/91/f6/e73969782a2ecec280f8a176f2476149dd9dba69d5f8779ec6108a7721e6/gast-0.7.0.tar.gz", hash = "sha256:0bb14cd1b806722e91ddbab6fb86bba148c22b40e7ff11e248974e04c8adfdae", size = 33630, upload-time = "2025-11-29T15:30:05.266Z" }
wheels = [
    { url = "https://files.pythonhosted.org/packages/1d/33/f1c6a276de27b7d7339a34749cc33fa87f077f921969c47185d34a887ae2/gast-0.7.0-py3-none-any.whl", hash = "sha256:99cbf1365633a74099f69c59bd650476b96baa5ef196fec88032b00b31ba36f7", size = 22966, upload-time = "2025-11-29T15:30:03.983Z" },
]

[[package]]
name = "numpy"
version = "2.5.2"
source = { registry = "https://pypi.org/simple" }
sdist = { url = "https://files.pythonhosted.org/packages/9a/80/db0b4559e57ec36362bedbb05530a87fafbcb6067708c946967a41d449e7/numpy-2.5.2.tar.gz", hash = "sha256:d482d171c406ae88c5b19cad3b6a1c4c5209f886ab74bc44c2c865c23f52d860", size = 20773161, upload-time = "2026-08-09T13:48:27.962Z" }
wheels = [
    { url = "https://files.pythonhosted.org/packages/ac/f8/c3b222bf075b50afd8e949a07a15c4b312a4a84bd8102a332bcd953cbbb4/numpy-2.5.2-cp314-cp314-macosx_10_15_x86_64.whl", hash = "sha256:d787cf769c3baeb5f6235e778edb52c08dfa923789b5958f28e6450f96107cb1", size = 16885180, upload-time = "2026-08-09T13:46:03.939Z" },
    { url = "https://files.pythonhosted.org/packages/17/e1/2c1d4b1987795a92b5bbf7c24fe249ab96aa2573ab0d7604802c189d7b86/numpy-2.5.2-cp314-cp314-macosx_11_0_arm64.whl", hash = "sha256:24b9dc2e3d84aa58523798805194e23e736f3f6ce2d1a5b92583ae734e6dbda8", size = 11907878, upload-time = "2026-08-09T13:46:07.045Z" },
    { url = "https://files.pythonhosted.org/packages/b9/ee/d08226fc858044355983a6e5b94f08ff6f3969e0a2b160a4a89f0ddb3445/numpy-2.5.2-cp314-cp314-macosx_14_0_arm64.whl", hash = "sha256:9e9413326d726c2545bfa65d2c0876871e8d8386e77f992c1d426e180bbd4323", size = 5354922, upload-time = "2026-08-09T13:46:10.04Z" },
    { url = "https://files.pythonhosted.org/packages/94/f0/6d3d933056440ebbc5e6bad92065fc6c26a48a84a36b1208580e94eea76c/numpy-2.5.2-cp314-cp314-macosx_14_0_x86_64.whl", hash = "sha256:60e902ac295855348a5ca2ea4c89108989a9f5fddfad3dfc0a8f36b10358567e", size = 6679168, upload-time = "2026-08-09T13:46:12.275Z" },
    { url = "https://files.pythonhosted.org/packages/c4/3b/ecd49dd90033cceb2704d88ca905d4d7d89b0e8c739608754ffd325fa820/numpy-2.5.2-cp314-cp314-manylinux_2_27_aarch64.manylinux_2_28_aarch64.whl", hash = "sha256:50e500dc868e9313530ce12ba470fe50ff3afe3d62993ed6eff652dacd555b65", size = 15624501, upload-time = "2026-08-09T13:46:15.322Z" },
    { url = "https://files.pythonhosted.org/packages/c7/99/461bd36dbdfac6c1c53efa370bd55a83227542d0d118f1677dbf1a3dacd5/numpy-2.5.2-cp314-cp314-manylinux_2_27_x86_64.manylinux_2_28_x86_64.whl", hash = "sha256:318b9a4c845dbea06708a29c84ee429cc3065048db34cdb799047643492050ee", size = 16713701, upload-time = "2026-08-09T13:46:18.949Z" },
    { url = "https://files.pythonhosted.org/packages/f9/9c/2b251df9e8a5d647b62b0cbc1b90a91850c1cf4859ecb532fd0b4eacff6c/numpy-2.5.2-cp314-cp314-musllinux_1_2_aarch64.whl", hash = "sha256:34c319e2963be042673fb46570501b2f06c41924e17e3563d58646b4380dfb68", size = 16986065, upload-time = "2026-08-09T13:46:23.006Z" },
    { url = "https://files.pythonhosted.org/packages/8f/25/20de43f53ff1390534a124475055a19f01fe10c920a0fd11b8e18d6d6052/numpy-2.5.2-cp314-cp314-musllinux_1_2_x86_64.whl", hash = "sha256:f06571a052127dc1b4e8b83029b4d1b20daa2b64a31cdd181fc6bc774e9000eb", size = 18470031, upload-time = "2026-08-09T13:46:27.102Z" },
    { url = "https://files.pythonhosted.org/packages/56/5e/0c577ca308d6da5eb79b546ba10bbe5b60148192194e2da060913b1de4f1/numpy-2.5.2-cp314-cp314-win32.whl", hash = "sha256:2cc779226e476d1e1f08c74068c419e60f41a9e0e069c92f6671d31d5c985e98", size = 6121028, upload-time = "2026-08-09T13:46:30.046Z" },
    { url = "https://files.pythonhosted.org/packages/15/5c/7bcbd5b11f94199073320410cddcbb80cee62415bfeb540874b265c2d922/numpy-2.5.2-cp314-cp314-win_amd64.whl", hash = "sha256:7587f53dfbd5edc0f7b87c6217b4c6d2d1f2ef9c3da70bc1315e7db5f8d7ec9d", size = 12597627, upload-time = "2026-08-09T13:46:32.886Z" },
    { url = "https://files.pythonhosted.org/packages/87/bc/4d0b06fba0da90ccc75af62823cb9dcedb6c9ea0cffa058cb2c9ee773a77/numpy-2.5.2-cp314-cp314-win_arm64.whl", hash = "sha256:3e4c367352d3747784248a227fbec218e193b56f7e6692e3b64fc805478ecfdf", size = 10680414, upload-time = "2026-08-09T13:46:36.036Z" },
    { url = "https://files.pythonhosted.org/packages/cd/17/f429aac9dc08833a0d0f188eba38c532a751b1a1f2ca6018a37b455cb321/numpy-2.5.2-cp314-cp314t-macosx_11_0_arm64.whl", hash = "sha256:b879fb674276e331513fb136b78dbc6bd3c848309e0d841cfd63be3896c4cfc1", size = 12026967, upload-time = "2026-08-09T13:46:39.084Z" },
    { url = "https://files.pythonhosted.org/packages/ca/9f/d0849de96a2a4ceaa16662f18ee13eaa9c0aa418269fdc8c4857c56b11da/numpy-2.5.2-cp314-cp314t-macosx_14_0_arm64.whl", hash = "sha256:fd0d703772bba096843785bd38371e31bb4a0c1151497ad5739d182114a73f7f", size = 5473874, upload-time = "2026-08-09T13:46:42.075Z" },
    { url = "https://files.pythonhosted.org/packages/89/3c/8df216d4a4a5422a3de045301cf7df8ea47286d76f5cb7160b0128ac26b7/numpy-2.5.2-cp314-cp314t-macosx_14_0_x86_64.whl", hash = "sha256:3a2f061cebd9e3d23bdcfaaded5e2293a4c6a5b60fa42df85d410a725ce621bf", size = 6789276, upload-time = "2026-08-09T13:46:44.387Z" },
    { url = "https://files.pythonhosted.org/packages/e6/3a/20d7e9891c4ddfadd6ff8d95bf4b29f353d8e1770553de2099880551dfb9/numpy-2.5.2-cp314-cp314t-manylinux_2_27_aarch64.manylinux_2_28_aarch64.whl", hash = "sha256:6df895598c0edcb41030126c89e0f353b07d93238116143b7405e937359736c4", size = 15659154, upload-time = "2026-08-09T13:46:47.538Z" },
    { url = "https://files.pythonhosted.org/packages/aa/d6/f3aa3d2688bf501b858835c6bd087ae9b51a56ae6fca8e2b0990abd177af/numpy-2.5.2-cp314-cp314t-manylinux_2_27_x86_64.manylinux_2_28_x86_64.whl", hash = "sha256:1ab3d4a901f844ea836c3e80bf463c6a27d7f3c14e8e292fcf28d348b25b9bce", size = 16748909, upload-time = "2026-08-09T13:46:51.442Z" },
    { url = "https://files.pythonhosted.org/packages/7d/8f/1c5cae8d2baf86ab802ae97a00be55bc7e21ebc11b12bbc33376c5f05342/numpy-2.5.2-cp314-cp314t-musllinux_1_2_aarch64.whl", hash = "sha256:cebc2d6dbb605a7703d59751dea4bd6b0ab127a5a4338a6f432df1936fef8b26", size = 17027685, upload-time = "2026-08-09T13:46:55.095Z" },
    { url = "https://files.pythonhosted.org/packages/5c/27/71d3467404aedc1c24ce79610f91b52b0b0f466c43a701aa56fc75c145ab/numpy-2.5.2-cp314-cp314t-musllinux_1_2_x86_64.whl", hash = "sha256:eaca7ff36f0f52e2111ec71f169d8fd3e889e7ddc0d2592e0d703fd8d3ce8fac", size = 18501181, upload-time = "2026-08-09T13:46:59.09Z" },
    { url = "https://files.pythonhosted.org/packages/14/2f/42921d27c40aea7e077f4a423ae509fd9220b028cd787bafefd8ab2b3a5f/numpy-2.5.2-cp314-cp314t-win32.whl", hash = "sha256:ddf47472af2e4280d79bac82304f5e80150211f1b9e614b760061d5fdfbb6eba", size = 6271085, upload-time = "2026-08-09T13:47:01.903Z" },
    { url = "https://files.pythonhosted.org/packages/75/e6/bad5f5d56de9b1971bac959963dda276d35c40f1854475005434bbe08692/numpy-2.5.2-cp314-cp314t-win_amd64.whl", hash = "sha256:44ef9675d908e65f9953063837c3277730f3f4437615a4cdab67b366cabaf884", size = 12787971, upload-time = "2026-08-09T13:47:04.963Z" },
    { url = "https://files.pythonhosted.org/packages/df/05/f608795cb34391acd67e38d94a3c36abd8d8576293a3a80727d7595c372c/numpy-2.5.2-cp314-cp314t-win_arm64.whl", hash = "sha256:eaa088384c46f519dacb93b7ec483a6d6b19a4a2085ae4f25ab9b1c43d387d1e", size = 10750306, upload-time = "2026-08-09T13:47:07.976Z" },
    { url = "https://files.pythonhosted.org/packages/33/c6/28de0191c5f82b7d42a0a51390ba98587048aa93a39fafb05bdbe6e8d00c/numpy-2.5.2-cp315-cp315-macosx_10_15_x86_64.whl", hash = "sha256:078f9b027b478c9379b9677babbf0f8b8f1ecfada27636d7b9a93990c638739f", size = 16885274, upload-time = "2026-08-09T13:47:11.439Z" },
    { url = "https://files.pythonhosted.org/packages/dd/d1/973ca116000d244897e468ea1aff30b589e5022e3c8744b71706fe33bd57/numpy-2.5.2-cp315-cp315-macosx_11_0_arm64.whl", hash = "sha256:50a68f4bacd8a2b33d8da3d2269d0d78500f86ea582e4786dc10f5ef2c2c6842", size = 11907846, upload-time = "2026-08-09T13:47:15.128Z" },
    { url = "https://files.pythonhosted.org/packages/78/d9/8c4b3937ef204cb2fd88d389ccd0f265a2ffb11f35a01d2064cf46714bd6/numpy-2.5.2-cp315-cp315-macosx_14_0_arm64.whl", hash = "sha256:e79aba74ffaf5f78a050d777c184cddf8fdffabab38acf5f3ef1fecbc17895d6", size = 5354892, upload-time = "2026-08-09T13:47:18.07Z" },
    { url = "https://files.pythonhosted.org/packages/74/9b/b6ee65ea2999fdb7023935e108e6fb776ee4082aa15f159acfa857e578c8/numpy-2.5.2-cp315-cp315-macosx_14_0_x86_64.whl", hash = "sha256:9a0731745a72a184490a582fb4af2533512bd071ace67785b5fdffc0ae58dce8", size = 6679309, upload-time = "2026-08-09T13:47:20.456Z" },
    { url = "https://files.pythonhosted.org/packages/43/f3/acb18d8b137a393c8e7803a8c994c9e64bde3930692a69d826993113a159/numpy-2.5.2-cp315-cp315-manylinux_2_27_aarch64.manylinux_2_28_aarch64.whl", hash = "sha256:4ec954036759bcee3aa484f8603bd9c14f3e776293b85578b8734c2d72777c69", size = 15625850, upload-time = "2026-08-09T13:47:24.365Z" },
    { url = "https://files.pythonhosted.org/packages/a9/bf/a8e9bb0db815a0e265b5744ebedd3af0bd5faad8604e5b50a1cd012f3c91/numpy-2.5.2-cp315-cp315-manylinux_2_27_x86_64.manylinux_2_28_x86_64.whl", hash = "sha256:dc649493697006bc90614a5f0bbc8cb3cb1866715c474e473694968d7e6b99ab", size = 16713664, upload-time = "2026-08-09T13:47:27.965Z" },
    { url = "https://files.pythonhosted.org/packages/0c/c3/6e913736b3dd6582344af32418b5fb9dab34282e8a8174ae1d54ceb0fc13/numpy-2.5.2-cp315-cp315-musllinux_1_2_aarch64.whl", hash = "sha256:cf7de32f486e4ac9e2d93b810f9e9ac72a728dd46a32a0bb403222f27f653514", size = 16986749, upload-time = "2026-08-09T13:47:31.541Z" },
    { url = "https://files.pythonhosted.org/packages/80/09/7d3b23eff5c7428ef6c01e6f7052bb60d504c4d33e317b36b8959c24ad97/numpy-2.5.2-cp315-cp315-musllinux_1_2_x86_64.whl", hash = "sha256:2ffa7bacab3e2ee1b19ed31766bb60bb380b68c23f051e199c5cc598afd68710", size = 18470495, upload-time = "2026-08-09T13:47:35.364Z" },
    { url = "https://files.pythonhosted.org/packages/a5/a4/68a321d825374f6eb677ffe8ef8c6b9a328304e6fd2e39d9530822776607/numpy-2.5.2-cp315-cp315-win32.whl", hash = "sha256:6b588cc8f902d6bff201c19fd00c43ab8545671e3554d014e12e14139e5e8617", size = 6120696, upload-time = "2026-08-09T13:47:38.561Z" },
    { url = "https://files.pythonhosted.org/packages/c8/23/deafbb1700f79fae9cd1e91220f133d124cc267de1b584da3fbf6db2f6cd/numpy-2.5.2-cp315-cp315-win_amd64.whl", hash = "sha256:07d4e89f3a9ab0a9ba24264ccdb642b3dd951b2281e8883a5481a4aa79cc31a7", size = 12597324, upload-time = "2026-08-09T13:47:41.401Z" },
    { url = "https://files.pythonhosted.org/packages/33/cd/3272ba105e3bbbdaeb11357eda31e7a6825ffe159e8171665660299a948f/numpy-2.5.2-cp315-cp315-win_arm64.whl", hash = "sha256:a610dc7e3c52edd39c2bc2375ff9c3fd59cb3ad00e4472d36f83bc1457145788", size = 10680466, upload-time = "2026-08-09T13:47:44.873Z" },
    { url = "https://files.pythonhosted.org/packages/0e/0e/58370637b1bb70a5c9ce2b43f4b521ccb224e36ccb76a6596b17ae4b447c/numpy-2.5.2-cp315-cp315t-macosx_10_15_x86_64.whl", hash = "sha256:40f4d451aed46a8046a1aae41c4e55fb3612273df9c502480135e1501576a34b", size = 16993947, upload-time = "2026-08-09T13:47:48.97Z" },
    { url = "https://files.pythonhosted.org/packages/10/93/2abcb807712b289d6d60fe4cf30532f98974a8396d885650f3ba5a13026e/numpy-2.5.2-cp315-cp315t-macosx_11_0_arm64.whl", hash = "sha256:c081cbe16ba1ab53078e5ff29013621e33c509eedab055775d956427712c236e", size = 12025331, upload-time = "2026-08-09T13:47:52.646Z" },
    { url = "https://files.pythonhosted.org/packages/8b/3a/2898e003a5fbaf87e76c039b4ee1f5eb390471b4ffe74887c1f34c4e791e/numpy-2.5.2-cp315-cp315t-macosx_14_0_arm64.whl", hash = "sha256:0090ccdd57ec2703e9b49d0bf554767370581c1dd0a6b2bb2b2d9def317d042a", size = 5472336, upload-time = "2026-08-09T13:47:55.403Z" },
    { url = "https://files.pythonhosted.org/packages/61/a5/23f69d07c544597b29758b31b55c27dc9d541012a2c1496189fef702aec2/numpy-2.5.2-cp315-cp315t-macosx_14_0_x86_64.whl", hash = "sha256:6a9bb119fb8dd21ba30b3f0e555b7e2b081bd9883af21ec9c1c633d161cda3a8", size = 6788387, upload-time = "2026-08-09T13:47:58.192Z" },
    { url = "https://files.pythonhosted.org/packages/15/ea/c0dbdbcf22f43782510a3e492dd3da73c6112b69cac8929d16d127536fc4/numpy-2.5.2-cp315-cp315t-manylinux_2_27_aarch64.manylinux_2_28_aarch64.whl", hash = "sha256:a839318485284a6fb31be4f8f2c91c8f2cb22f4543c4a8903f12b0671ffe07cc", size = 15667096, upload-time = "2026-08-09T13:48:01.562Z" },
    { url = "https://files.pythonhosted.org/packages/fc/5e/29c73c31748cdb0f7566642125ba17fd5b56780cddf891b085dab27e4466/numpy-2.5.2-cp315-cp315t-manylinux_2_27_x86_64.manylinux_2_28_x86_64.whl", hash = "sha256:ba0a474801b8dc67b66bf465548abc90e82b44d2611b5770f33008dcabffe8ec", size = 16751730, upload-time = "2026-08-09T13:48:05.706Z" },
    { url = "https://files.pythonhosted.org/packages/47/95/02501e8454796bb58dadf7a99d3181e0b464bf264e1003039572f9779fac/numpy-2.5.2-cp315-cp315t-musllinux_1_2_aarch64.whl", hash = "sha256:0a4035ae1129ff8777f08bfbd44f1e5d8e9c049ce0c2dd78fc0d92c13e7251c0", size = 17038686, upload-time = "2026-08-09T13:48:09.627Z" },
    { url = "https://files.pythonhosted.org/packages/0e/b5/53a681d91b5c82687067d8ea5035e02d917b5509d6f334cb06484a954714/numpy-2.5.2-cp315-cp315t-musllinux_1_2_x86_64.whl", hash = "sha256:77843ca236b777e67f8d6b3660ea116e499612703a0ecd7093f316201eb9d8e2", size = 18507727, upload-time = "2026-08-09T13:48:13.744Z" },
    { url = "https://files.pythonhosted.org/packages/42/06/6e11443f7b64ee376c860506091103bf68f92d2cab9e8d96d4501babf07c/numpy-2.5.2-cp315-cp315t-win32.whl", hash = "sha256:7354826bc6f8f69402e9b7fe28d15fcd34feebd74f856f111585c5b0c9fb0251", size = 6269775, upload-time = "2026-08-09T13:48:17.543Z" },
    { url = "https://files.pythonhosted.org/packages/f1/18/195d6b86cd72dbbc501edfa778005fa6b87afd34c153e46028cd3a0938f4/numpy-2.5.2-cp315-cp315t-win_amd64.whl", hash = "sha256:e5651f3f87add730ee6608d915009e19c911fba0cb000c7e3ea994b7d768eb12", size = 12782559, upload-time = "2026-08-09T13:48:21.023Z" },
    { url = "https://files.pythonhosted.org/packages/b4/07/458c344f0f0c178f4481dad5cca790626ffe4c34eabf9467069d06ee4999/numpy-2.5.2-cp315-cp315t-win_arm64.whl", hash = "sha256:5f8e00be2ec6f45f4e8a41a527f68d44a7d96fee92a650e4d8b1326f77f61e6e", size = 10748103, upload-time = "2026-08-09T13:48:24.21Z" },
]

[[package]]
name = "protobuf"
version = "7.35.1"
source = { registry = "https://pypi.org/simple" }
sdist = { url = "https://files.pythonhosted.org/packages/da/01/9ef0afd7999eb9badb3a768b4aedd78c86d4c65cfaf1958ab276199e76b4/protobuf-7.35.1.tar.gz", hash = "sha256:ce115a26fe0c39a2c29973d914d327e516a6455464489fe3cd1e51a1b354f81a", size = 458717, upload-time = "2026-06-11T21:55:40.257Z" }
wheels = [
    { url = "https://files.pythonhosted.org/packages/10/03/8aeeb7458d22546bf64b5250ca1daeb5ff757d900e8e4a7476c6f0db843e/protobuf-7.35.1-cp310-abi3-macosx_10_9_universal2.whl", hash = "sha256:24f857477359a85c0c235261b8ba905fd51b2562f4a64ca1df5473f29850cbf6", size = 433226, upload-time = "2026-06-11T21:55:31.719Z" },
    { url = "https://files.pythonhosted.org/packages/37/4b/dfb89eb0e652a1ff073c39a59fb5e3a83cfe9b57a2c83fa6d78270101767/protobuf-7.35.1-cp310-abi3-manylinux2014_aarch64.whl", hash = "sha256:11d6b0ec246892d85215b0a13ca6e0233cf5284b68f0ac02646427f4ff88a799", size = 328847, upload-time = "2026-06-11T21:55:34.035Z" },
    { url = "https://files.pythonhosted.org/packages/0f/58/dc12f2cd484951524af6e3382c785869b9b3fb5e52ee95ae23add53ee8f9/protobuf-7.35.1-cp310-abi3-manylinux2014_s390x.whl", hash = "sha256:b73f9489a4b8b1c9cb1f8ed951c736392592edb24b9d6819f36d2e10b171d5b4", size = 344030, upload-time = "2026-06-11T21:55:34.941Z" },
    { url = "https://files.pythonhosted.org/packages/e4/be/5b3cfe508bfab6761414ff944e3366eb13be4fd71efcd69450f89ba39f43/protobuf-7.35.1-cp310-abi3-manylinux2014_x86_64.whl", hash = "sha256:74758715c53d7158fb76caf4f0cfdacc5329a4b1bb994f865d6cf302d413a1c4", size = 327130, upload-time = "2026-06-11T21:55:35.921Z" },
    { url = "https://files.pythonhosted.org/packages/d8/bc/6d6c7ba8709c85f8f2c390b2b118d6fb08a783676a572271851bf45a7d22/protobuf-7.35.1-cp310-abi3-win32.whl", hash = "sha256:353652e4efd0bca5b5fc2656abf8307ef351f0cf938c9eba09f0e09c20a25c30", size = 428945, upload-time = "2026-06-11T21:55:37.034Z" },
    { url = "https://files.pythonhosted.org/packages/0a/19/8d0cb6f20a1ef7b18f1c8986ad5783f22f84cce39c6ce9a6e645ea55192e/protobuf-7.35.1-cp310-abi3-win_amd64.whl", hash = "sha256:230a75ddfc2de4806e56696ce9640c1cdfdb6543b7cfce98d42a4c0a0e7bdb87", size = 439996, upload-time = "2026-06-11T21:55:38.123Z" },
    { url = "https://files.pythonhosted.org/packages/19/c7/5f7c636ec43e0c545e28d1f1db71990108306f7bdcb89f069ba97e428e7f/protobuf-7.35.1-py3-none-any.whl", hash = "sha256:4bc97768d8fe4ad6743c8a19403e314511ed9f6d13205b687e52421c023ac1b9", size = 171659, upload-time = "2026-06-11T21:55:39.155Z" },
]

[[package]]
name = "six"
version = "1.17.0"
source = { registry = "https://pypi.org/simple" }
sdist = { url = "https://files.pythonhosted.org/packages/94/e7/b2c673351809dca68a0e064b6af791aa332cf192da575fd474ed7d6f16a2/six-1.17.0.tar.gz", hash = "sha256:ff70335d468e7eb6ec65b95b99d3a2836546063f63acc5171de367e834932a81", size = 34031, upload-time = "2024-12-04T17:35:28.174Z" }
wheels = [
    { url = "https://files.pythonhosted.org/packages/b7/ce/149a00dd41f10bc29e5921b496af8b574d8413afcd5e30dfa0ed46c2cc5e/six-1.17.0-py2.py3-none-any.whl", hash = "sha256:4721f391ed90541fddacab5acf947aa0d3dc7d27b2e1e8eda2be8970586c3274", size = 11050, upload-time = "2024-12-04T17:35:26.475Z" },
]

[[package]]
name = "tensorflow-hub"
version = "0.16.1"
source = { registry = "https://pypi.org/simple" }
dependencies = [
    { name = "numpy" },
    { name = "protobuf" },
    { name = "tf-keras" },
]
wheels = [
    { url = "https://files.pythonhosted.org/packages/e5/50/00dba77925bf2a0a1e45d7bcf8a69a1d2534fb4bb277d9010bd148d2235e/tensorflow_hub-0.16.1-py2.py3-none-any.whl", hash = "sha256:e10c184b3d08daeafada11ffea2dd46781725b6bef01fad1f74d6634ad05311f", size = 30771, upload-time = "2024-01-30T14:49:07.005Z" },
]

[[package]]
name = "tensorflow-probability"
version = "0.25.0"
source = { registry = "https://pypi.org/simple" }
dependencies = [
    { name = "absl-py" },
    { name = "cloudpickle" },
    { name = "decorator" },
    { name = "dm-tree" },
    { name = "gast" },
    { name = "numpy" },
    { name = "six" },
]
wheels = [
    { url = "https://files.pythonhosted.org/packages/fe/b6/e116761ceeb880b7ad4c6a7e1203538754dd7dda42538f08d6daaf8dfa4d/tensorflow_probability-0.25.0-py2.py3-none-any.whl", hash = "sha256:f3f4d6431656c0122906888afe1b67b4400e82bd7f254b45b92e6c5b84ea8e3e", size = 6979403, upload-time = "2024-11-08T16:25:57.238Z" },
]

[[package]]
name = "tf-keras"
version = "2.15.0"
source = { registry = "https://pypi.org/simple" }
sdist = { url = "https://files.pythonhosted.org/packages/ce/0c/36054828137226dc3a559b525640f296a99ee8eb38beca32b36d29bb303b/tf_keras-2.15.0.tar.gz", hash = "sha256:d7559c2ba40667679fcb2105d3e4b68bbc07ecafbf1037462ce7b3974c3c6798", size = 1250420, upload-time = "2023-11-07T00:47:33.731Z" }
wheels = [
    { url = "https://files.pythonhosted.org/packages/19/26/ca8a6cca61f2a44f1e7ee71ebdb9c8dfbc4371f418db811cdca4641f6daa/tf_keras-2.15.0-py3-none-any.whl", hash = "sha256:48607ee60a4d1fa7c09d6a44293a803faf3136e7a43f92df089ac094117547d2", size = 1714973, upload-time = "2023-11-07T00:47:31.507Z" },
]

[[package]]
name = "wrapt"
version = "2.3.0"
source = { registry = "https://pypi.org/simple" }
sdist = { url = "https://files.pythonhosted.org/packages/2b/b0/c1f5a970721f06b85c0cd5142e0ff8fe067708abd779b0c4f4be7d61d09f/wrapt-2.3.0.tar.gz", hash = "sha256:681a2d0eefd721998f90642762b8e75c2159ec531b20ad5e437245ea7b06a107", size = 131509, upload-time = "2026-07-28T06:06:14.895Z" }
wheels = [
    { url = "https://files.pythonhosted.org/packages/58/10/b073beaea89bc0d3670a75ff51139430a54b6af7ba7796507730634536dd/wrapt-2.3.0-cp314-cp314-macosx_10_15_x86_64.whl", hash = "sha256:ea52a0d0f08c584943d5764be0e84efa912c8da23c23e1e285ff2f5641c18fcc", size = 81978, upload-time = "2026-07-28T06:05:21.133Z" },
    { url = "https://files.pythonhosted.org/packages/b3/31/0916d9cebf848ed3f1a0c1888faee421747df77331e4db2bc527a9a85988/wrapt-2.3.0-cp314-cp314-macosx_11_0_arm64.whl", hash = "sha256:fd85b0aa88efdb189d6ae2f35f4526943a8f091c38599c9c31478241c819e6a1", size = 82518, upload-time = "2026-07-28T06:05:22.562Z" },
    { url = "https://files.pythonhosted.org/packages/f5/73/31c1bf0f3384062751c2094dadb314916d70aa9b6bfd26d994b4a7b393fa/wrapt-2.3.0-cp314-cp314-manylinux1_x86_64.manylinux_2_28_x86_64.manylinux_2_5_x86_64.whl", hash = "sha256:141ed6211286a9660d8d6702de598b43f0934b4f0eda16393f100a80f501d945", size = 170187, upload-time = "2026-07-28T06:05:23.904Z" },
    { url = "https://files.pythonhosted.org/packages/ed/25/fce087d54b79b8905f3c3c9dd5f454bbd8d8acb80b960c4a6aee5b4659b3/wrapt-2.3.0-cp314-cp314-manylinux2014_aarch64.manylinux_2_17_aarch64.manylinux_2_28_aarch64.whl", hash = "sha256:2e49885a62ec4ee854d1b9e6371fda6afd219917225752abf729a3f36d4df9a5", size = 169288, upload-time = "2026-07-28T06:05:25.378Z" },
    { url = "https://files.pythonhosted.org/packages/c7/30/0d09e6dddc6b7a7230ac77f50254b5980ab4fcd22976f72f8cc8a0404458/wrapt-2.3.0-cp314-cp314-manylinux_2_31_riscv64.manylinux_2_39_riscv64.whl", hash = "sha256:1d6159c9b2fefec02314e1332dbbbfaf960e369dfd26bcf7f8b258b5732065b3", size = 160932, upload-time = "2026-07-28T06:05:27.022Z" },
    { url = "https://files.pythonhosted.org/packages/2c/ca/0913af0d2ec0c43865d32d615f518fea66c13c5c930e489e9b0de248e9a8/wrapt-2.3.0-cp314-cp314-musllinux_1_2_aarch64.whl", hash = "sha256:24da48596326ef8e448cfa837b454f638713d3531262375f00e5a9681682fc07", size = 169017, upload-time = "2026-07-28T06:05:28.501Z" },
    { url = "https://files.pythonhosted.org/packages/c3/f2/3d1e47ea81b822210f5df1bf942fd90780a75c055243d569b664529dea88/wrapt-2.3.0-cp314-cp314-musllinux_1_2_riscv64.whl", hash = "sha256:cd3a2edf0427013736b8127955cec62608c56e53ea47e82812ea32059cda407f", size = 159065, upload-time = "2026-07-28T06:05:30.01Z" },
    { url = "https://files.pythonhosted.org/packages/43/a5/ef2066ced8e5fca204e2b361e9708e36555b40949c583d997ea3b590817d/wrapt-2.3.0-cp314-cp314-musllinux_1_2_x86_64.whl", hash = "sha256:4fa0df3bff4e7ce45759f33fd39335fe2f60477bb9ecf7b8aa41e7d07ee36a23", size = 168821, upload-time = "2026-07-28T06:05:31.649Z" },
    { url = "https://files.pythonhosted.org/packages/d5/e1/016104650d4e572fa91506eb396b3dd8efbccc9284fdc1c9479c3d21db28/wrapt-2.3.0-cp314-cp314-win32.whl", hash = "sha256:2935d5454b3f179a29b12cf390ee47246740ba2c3a7545b1b46ba31a5f2a4a0b", size = 78700, upload-time = "2026-07-28T06:05:33.391Z" },
    { url = "https://files.pythonhosted.org/packages/3d/97/6fdc20a9f2ca304748b3f0819cbf377d55260562777bf0b615431bc3c181/wrapt-2.3.0-cp314-cp314-win_amd64.whl", hash = "sha256:cc2cea812e5cb179a796b766747e7d3b21088760d8deb95676d482b8c8e6fa7d", size = 81422, upload-time = "2026-07-28T06:05:34.774Z" },
    { url = "https://files.pythonhosted.org/packages/5e/a4/9cbd53bf05746bea2c392af39cb052427a8ec95cbd494d930733d8f44681/wrapt-2.3.0-cp314-cp314-win_arm64.whl", hash = "sha256:22cc5c0a717bd4da87018ae0bffd4c19c6fb679d3ff357216ba566ab26c76cab", size = 80639, upload-time = "2026-07-28T06:05:36.228Z" },
    { url = "https://files.pythonhosted.org/packages/43/bb/6c5e4a0f66ea0d2b2dd267e8dd05a0014eea56840b3c8595d40b0a5d1f91/wrapt-2.3.0-cp314-cp314t-macosx_10_15_x86_64.whl", hash = "sha256:a6b5984cd65dd639546f0eb4b8eacf1c31cb2fe9fb5c27bffe240987cdb2cf84", size = 84030, upload-time = "2026-07-28T06:05:37.714Z" },
    { url = "https://files.pythonhosted.org/packages/6a/eb/a1aedf03283bc9cbf8a1783995ddc54e3c5a86878f19002d2c428494f4c5/wrapt-2.3.0-cp314-cp314t-macosx_11_0_arm64.whl", hash = "sha256:c88abcf53daef80e01a75c7530e727fa6e2c1888fe83e3dcdba4c96216a1f5c7", size = 84419, upload-time = "2026-07-28T06:05:39.131Z" },
    { url = "https://files.pythonhosted.org/packages/63/61/50d511c0dc5105563849e86daa3e16ac7feef699f79fb05af45ea70107d5/wrapt-2.3.0-cp314-cp314t-manylinux1_x86_64.manylinux_2_28_x86_64.manylinux_2_5_x86_64.whl", hash = "sha256:85de890ff968196e92dd1ae73a9fb8970495e7650a457b1c9ef0ac3dd550bce2", size = 207171, upload-time = "2026-07-28T06:05:40.69Z" },
    { url = "https://files.pythonhosted.org/packages/3f/59/9b538cf7795217e810699d16bc88b96a830d9b5c403eb2ec2db6b5f2ae81/wrapt-2.3.0-cp314-cp314t-manylinux2014_aarch64.manylinux_2_17_aarch64.manylinux_2_28_aarch64.whl", hash = "sha256:50f416b74d092bb9f41b424e90dd457f365f7ba4b11de62a23679769a21bd85c", size = 214329, upload-time = "2026-07-28T06:05:42.287Z" },
    { url = "https://files.pythonhosted.org/packages/b3/28/9935d62b1499e5c8b3d191e99ba4eb31ca237a0b699142011a837e9dc7ea/wrapt-2.3.0-cp314-cp314t-manylinux_2_31_riscv64.manylinux_2_39_riscv64.whl", hash = "sha256:39febbee6d77301d31da6996b152ce52452da7c7ef72aba10c2fa976dff9c295", size = 199079, upload-time = "2026-07-28T06:05:43.958Z" },
    { url = "https://files.pythonhosted.org/packages/2b/01/4446b80fa2ffa47a3449b250d004ba1c1937f07f64a179608fec735df866/wrapt-2.3.0-cp314-cp314t-musllinux_1_2_aarch64.whl", hash = "sha256:93513bec052c6cd987f9f580c3df068c8bc4ebae6543736be3ca7ec5959cafcd", size = 209992, upload-time = "2026-07-28T06:05:45.677Z" },
    { url = "https://files.pythonhosted.org/packages/d4/07/56f26c9f9979586a021e8148747004aba4498f49458c90b0502969b904e1/wrapt-2.3.0-cp314-cp314t-musllinux_1_2_riscv64.whl", hash = "sha256:729126e667da34d251b8ebf8a45ef0c5ddadc21542b3d6e1abf4259ece6508df", size = 196334, upload-time = "2026-07-28T06:05:47.608Z" },
    { url = "https://files.pythonhosted.org/packages/8b/41/6d7bcc895b0f28b2250e10908f060687b9165429dcd7f22ddb3d4c031b74/wrapt-2.3.0-cp314-cp314t-musllinux_1_2_x86_64.whl", hash = "sha256:626b69db2021aa01671ec7bbc9740e558522bd44c18cf2ce69bf3d666a014109", size = 202644, upload-time = "2026-07-28T06:05:49.183Z" },
    { url = "https://files.pythonhosted.org/packages/cd/25/7860927edba06b758b8852a6f02e832be715563c67a6795d94350bc81099/wrapt-2.3.0-cp314-cp314t-win32.whl", hash = "sha256:629d73378082c00a8173031f9fb30a3ac6abbc894a5bfdfae71fabc60642d501", size = 79685, upload-time = "2026-07-28T06:05:50.976Z" },
    { url = "https://files.pythonhosted.org/packages/c4/0f/270bafe92fde3b069a39bc01e39ee79340895b335640df861d43d2a51885/wrapt-2.3.0-cp314-cp314t-win_amd64.whl", hash = "sha256:42869085687f0aefd57c0f636c3f9354f8ffb321a8ba9cb52d19beb796e561c5", size = 83104, upload-time = "2026-07-28T06:05:52.405Z" },
    { url = "https://files.pythonhosted.org/packages/55/b3/af176d79a8515a8a720eccdad9a96f6e31a30abf2865430c8c42adf2fd13/wrapt-2.3.0-cp314-cp314t-win_arm64.whl", hash = "sha256:b1e5aa486e269b00ed35e64771c7d0ab8096cfd2643405ca8cd60ebedc099a51", size = 81774, upload-time = "2026-07-28T06:05:53.902Z" },
    { url = "https://files.pythonhosted.org/packages/00/39/3daf9f47be208606586de4568ba6713db53ebc8fd7a575aea1fe57983b69/wrapt-2.3.0-py3-none-any.whl", hash = "sha256:d8c7ed08477429752b8c44991f40ad7838b18332a160698740a6bfbc10d998a2", size = 61866, upload-time = "2026-07-28T06:06:12.9Z" },
]
